
Microsoft Visual Studio Solution File, Format Version 12.00
# Visual Studio Version 17
VisualStudioVersion = 17.2.32616.157
MinimumVisualStudioVersion = 10.0.40219.1
Project("{FAE04EC0-301F-11D3-BF4B-00C04F79EFBC}") = "aspnet-core-azurekeyvault", "aspnet-core-azurekeyvault\aspnet-core-azurekeyvault.csproj", "{787AE951-ABB5-40B9-A9C4-56AF304649EA}"
EndProject
Global
	GlobalSection(SolutionConfigurationPlatforms) = preSolution
		Debug|Any CPU = Debug|Any CPU
		Release|Any CPU = Release|Any CPU
	EndGlobalSection
	GlobalSection(ProjectConfigurationPlatforms) = postSolution
		{787AE951-ABB5-40B9-A9C4-56AF304649EA}.Debug|Any CPU.ActiveCfg = Debug|Any CPU
		{787AE951-ABB5-40B9-A9C4-56AF304649EA}.Debug|Any CPU.Build.0 = Debug|Any CPU
		{787AE951-ABB5-40B9-A9C4-56AF304649EA}.Release|Any CPU.ActiveCfg = Release|Any CPU
		{787AE951-ABB5-40B9-A9C4-56AF304649EA}.Release|Any CPU.Build.0 = Release|Any CPU
	EndGlobalSection
	GlobalSection(SolutionProperties) = preSolution
		HideSolutionNode = FALSE
	EndGlobalSection
	GlobalSection(ExtensibilityGlobals) = postSolution
		SolutionGuid = {63DEAE37-0895-4174-8639-DDAD9D2CC1D1}
	EndGlobalSection
EndGlobal
